
Microsoft Visual Studio Solution File, Format Version 12.00
# Visual Studio Version 17
VisualStudioVersion = 17.14.36109.1 d17.14
MinimumVisualStudioVersion = 10.0.40219.1
Project("{FAE04EC0-301F-11D3-BF4B-00C04F79EFBC}") = "SystemBank", "SystemBank\SystemBank.csproj", "{8EE57819-9B8B-47F2-AEA0-B429F0421112}"
EndProject
Global
	GlobalSection(SolutionConfigurationPlatforms) = preSolution
		Debug|Any CPU = Debug|Any CPU
		Release|Any CPU = Release|Any CPU
	EndGlobalSection
	GlobalSection(ProjectConfigurationPlatforms) = postSolution
		{8EE57819-9B8B-47F2-AEA0-B429F0421112}.Debug|Any CPU.ActiveCfg = Debug|Any CPU
		{8EE57819-9B8B-47F2-AEA0-B429F0421112}.Debug|Any CPU.Build.0 = Debug|Any CPU
		{8EE57819-9B8B-47F2-AEA0-B429F0421112}.Release|Any CPU.ActiveCfg = Release|Any CPU
		{8EE57819-9B8B-47F2-AEA0-B429F0421112}.Release|Any CPU.Build.0 = Release|Any CPU
	EndGlobalSection
	GlobalSection(SolutionProperties) = preSolution
		HideSolutionNode = FALSE
	EndGlobalSection
	GlobalSection(ExtensibilityGlobals) = postSolution
		SolutionGuid = {62E59EFA-1FDE-4FF5-8DF5-1F12181C5204}
	EndGlobalSection
EndGlobal
